
Microsoft Visual Studio Solution File, Format Version 12.00
# Visual Studio Version 16
VisualStudioVersion = 16.0.29613.14
MinimumVisualStudioVersion = 10.0.40219.1
Project("{FAE04EC0-301F-11D3-BF4B-00C04F79EFBC}") = "Cribbage", "Cribbage.csproj", "{FAE22DAA-D0E4-4381-9132-2D0140277B4B}"
EndProject
Global
	GlobalSection(SolutionConfigurationPlatforms) = preSolution
		Debug|Any CPU = Debug|Any CPU
		Release|Any CPU = Release|Any CPU
	EndGlobalSection
	GlobalSection(ProjectConfigurationPlatforms) = postSolution
		{FAE22DAA-D0E4-4381-9132-2D0140277B4B}.Debug|Any CPU.ActiveCfg = Debug|Any CPU
		{FAE22DAA-D0E4-4381-9132-2D0140277B4B}.Debug|Any CPU.Build.0 = Debug|Any CPU
		{FAE22DAA-D0E4-4381-9132-2D0140277B4B}.Release|Any CPU.ActiveCfg = Release|Any CPU
		{FAE22DAA-D0E4-4381-9132-2D0140277B4B}.Release|Any CPU.Build.0 = Release|Any CPU
	EndGlobalSection
	GlobalSection(SolutionProperties) = preSolution
		HideSolutionNode = FALSE
	EndGlobalSection
	GlobalSection(ExtensibilityGlobals) = postSolution
		SolutionGuid = {6297E067-1D4C-4889-85A4-2088B2149DEA}
	EndGlobalSection
EndGlobal
